// !$*UTF8*$!
{
	archiveVersion = 1;
	classes = {
	};
	objectVersion = 55;
	objects = {

/* Begin PBXBuildFile section */
		CCE9E54C28B3AD5400684ADF /* AppDelegate.swift in Sources */ = {isa = PBXBuildFile; fileRef = CCE9E54B28B3AD5400684ADF /* AppDelegate.swift */; };
		CCE9E54E28B3AD5400684ADF /* SceneDelegate.swift in Sources */ = {isa = PBXBuildFile; fileRef = CCE9E54D28B3AD5400684ADF /* SceneDelegate.swift */; };
		CCE9E55028B3AD5400684ADF /* ViewController.swift in Sources */ = {isa = PBXBuildFile; fileRef = CCE9E54F28B3AD5400684ADF /* ViewController.swift */; };
		CCE9E55328B3AD5400684ADF /* Main.storyboard in Resources */ = {isa = PBXBuildFile; fileRef = CCE9E55128B3AD5400684ADF /* Main.storyboard */; };
		CCE9E55528B3AD5600684ADF /* Assets.xcassets in Resources */ = {isa = PBXBuildFile; fileRef = CCE9E55428B3AD5600684ADF /* Assets.xcassets */; };
		CCE9E55828B3AD5600684ADF /* LaunchScreen.storyboard in Resources */ = {isa = PBXBuildFile; fileRef = CCE9E55628B3AD5600684ADF /* LaunchScreen.storyboard */; };
		CCE9E56128B3BC5000684ADF /* Raleway-Italic-VariableFont_wght.ttf in Resources */ = {isa = PBXBuildFile; fileRef = CCE9E56028B3BC4F00684ADF /* Raleway-Italic-VariableFont_wght.ttf */; };
		CCE9E56428B3C1E800684ADF /* SecondViewController.swift in Sources */ = {isa = PBXBuildFile; fileRef = CCE9E56328B3C1E800684ADF /* SecondViewController.swift */; };
/* End PBXBuildFile section */

/* Begin PBXFileReference section */
		CCE9E54828B3AD5400684ADF /* MotSoUIThuongDung.app */ = {isa = PBXFileReference; explicitFileType = wrapper.application; includeInIndex = 0; path = MotSoUIThuongDung.app; sourceTree = BUILT_PRODUCTS_DIR; };
		CCE9E54B28B3AD5400684ADF /* AppDelegate.swift */ = {isa = PBXFileReference; lastKnownFileType = sourcecode.swift; path = AppDelegate.swift; sourceTree = "<group>"; };
		CCE9E54D28B3AD5400684ADF /* SceneDelegate.swift */ = {isa = PBXFileReference; lastKnownFileType = sourcecode.swift; path = SceneDelegate.swift; sourceTree = "<group>"; };
		CCE9E54F28B3AD5400684ADF /* ViewController.swift */ = {isa = PBXFileReference; lastKnownFileType = sourcecode.swift; path = ViewController.swift; sourceTree = "<group>"; };
		CCE9E55228B3AD5400684ADF /* Base */ = {isa = PBXFileReference; lastKnownFileType = file.storyboard; name = Base; path = Base.lproj/Main.storyboard; sourceTree = "<group>"; };
		CCE9E55428B3AD5600684ADF /* Assets.xcassets */ = {isa = PBXFileReference; lastKnownFileType = folder.assetcatalog; path = Assets.xcassets; sourceTree = "<group>"; };
		CCE9E55728B3AD5600684ADF /* Base */ = {isa = PBXFileReference; lastKnownFileType = file.storyboard; name = Base; path = Base.lproj/LaunchScreen.storyboard; sourceTree = "<group>"; };
		CCE9E55928B3AD5600684ADF /* Info.plist */ = {isa = PBXFileReference; lastKnownFileType = text.plist.xml; path = Info.plist; sourceTree = "<group>"; };
		CCE9E56028B3BC4F00684ADF /* Raleway-Italic-VariableFont_wght.ttf */ = {isa = PBXFileReference; lastKnownFileType = file; path = "Raleway-Italic-VariableFont_wght.ttf"; sourceTree = "<group>"; };
		CCE9E56328B3C1E800684ADF /* SecondViewController.swift */ = {isa = PBXFileReference; lastKnownFileType = sourcecode.swift; path = SecondViewController.swift; sourceTree = "<group>"; };
/* End PBXFileReference section */

/* Begin PBXFrameworksBuildPhase section */
		CCE9E54528B3AD5400684ADF /* Frameworks */ = {
			isa = PBXFrameworksBuildPhase;
			buildActionMask = 2147483647;
			files = (
			);
			runOnlyForDeploymentPostprocessing = 0;
		};
/* End PBXFrameworksBuildPhase section */

/* Begin PBXGroup section */
		CCE9E53F28B3AD5400684ADF = {
			isa = PBXGroup;
			children = (
				CCE9E54A28B3AD5400684ADF /* MotSoUIThuongDung */,
				CCE9E54928B3AD5400684ADF /* Products */,
			);
			sourceTree = "<group>";
		};
		CCE9E54928B3AD5400684ADF /* Products */ = {
			isa = PBXGroup;
			children = (
				CCE9E54828B3AD5400684ADF /* MotSoUIThuongDung.app */,
			);
			name = Products;
			sourceTree = "<group>";
		};
		CCE9E54A28B3AD5400684ADF /* MotSoUIThuongDung */ = {
			isa = PBXGroup;
			children = (
				CCE9E54B28B3AD5400684ADF /* AppDelegate.swift */,
				CCE9E54D28B3AD5400684ADF /* SceneDelegate.swift */,
				CCE9E54F28B3AD5400684ADF /* ViewController.swift */,
				CCE9E56328B3C1E800684ADF /* SecondViewController.swift */,
				CCE9E55128B3AD5400684ADF /* Main.storyboard */,
				CCE9E55428B3AD5600684ADF /* Assets.xcassets */,
				CCE9E55628B3AD5600684ADF /* LaunchScreen.storyboard */,
				CCE9E55928B3AD5600684ADF /* Info.plist */,
				CCE9E56228B3BC5800684ADF /* Fonts */,
			);
			path = MotSoUIThuongDung;
			sourceTree = "<group>";
		};
		CCE9E56228B3BC5800684ADF /* Fonts */ = {
			isa = PBXGroup;
			children = (
				CCE9E56028B3BC4F00684ADF /* Raleway-Italic-VariableFont_wght.ttf */,
			);
			path = Fonts;
			sourceTree = "<group>";
		};
/* End PBXGroup section */

/* Begin PBXNativeTarget section */
		CCE9E54728B3AD5400684ADF /* MotSoUIThuongDung */ = {
			isa = PBXNativeTarget;
			buildConfigurationList = CCE9E55C28B3AD5600684ADF /* Build configuration list for PBXNativeTarget "MotSoUIThuongDung" */;
			buildPhases = (
				CCE9E54428B3AD5400684ADF /* Sources */,
				CCE9E54528B3AD5400684ADF /* Frameworks */,
				CCE9E54628B3AD5400684ADF /* Resources */,
			);
			buildRules = (
			);
			dependencies = (
			);
			name = MotSoUIThuongDung;
			productName = MotSoUIThuongDung;
			productReference = CCE9E54828B3AD5400684ADF /* MotSoUIThuongDung.app */;
			productType = "com.apple.product-type.application";
		};
/* End PBXNativeTarget section */

/* Begin PBXProject section */
		CCE9E54028B3AD5400684ADF /* Project object */ = {
			isa = PBXProject;
			attributes = {
				BuildIndependentTargetsInParallel = 1;
				LastSwiftUpdateCheck = 1340;
				LastUpgradeCheck = 1340;
				TargetAttributes = {
					CCE9E54728B3AD5400684ADF = {
						CreatedOnToolsVersion = 13.4.1;
					};
				};
			};
			buildConfigurationList = CCE9E54328B3AD5400684ADF /* Build configuration list for PBXProject "MotSoUIThuongDung" */;
			compatibilityVersion = "Xcode 13.0";
			developmentRegion = en;
			hasScannedForEncodings = 0;
			knownRegions = (
				en,
				Base,
			);
			mainGroup = CCE9E53F28B3AD5400684ADF;
			productRefGroup = CCE9E54928B3AD5400684ADF /* Products */;
			projectDirPath = "";
			projectRoot = "";
			targets = (
				CCE9E54728B3AD5400684ADF /* MotSoUIThuongDung */,
			);
		};
/* End PBXProject section */

/* Begin PBXResourcesBuildPhase section */
		CCE9E54628B3AD5400684ADF /* Resources */ = {
			isa = PBXResourcesBuildPhase;
			buildActionMask = 2147483647;
			files = (
				CCE9E55828B3AD5600684ADF /* LaunchScreen.storyboard in Resources */,
				CCE9E55528B3AD5600684ADF /* Assets.xcassets in Resources */,
				CCE9E55328B3AD5400684ADF /* Main.storyboard in Resources */,
				CCE9E56128B3BC5000684ADF /* Raleway-Italic-VariableFont_wght.ttf in Resources */,
			);
			runOnlyForDeploymentPostprocessing = 0;
		};
/* End PBXResourcesBuildPhase section */

/* Begin PBXSourcesBuildPhase section */
		CCE9E54428B3AD5400684ADF /* Sources */ = {
			isa = PBXSourcesBuildPhase;
			buildActionMask = 2147483647;
			files = (
				CCE9E56428B3C1E800684ADF /* SecondViewController.swift in Sources */,
				CCE9E55028B3AD5400684ADF /* ViewController.swift in Sources */,
				CCE9E54C28B3AD5400684ADF /* AppDelegate.swift in Sources */,
				CCE9E54E28B3AD5400684ADF /* SceneDelegate.swift in Sources */,
			);
			runOnlyForDeploymentPostprocessing = 0;
		};
/* End PBXSourcesBuildPhase section */

/* Begin PBXVariantGroup section */
		CCE9E55128B3AD5400684ADF /* Main.storyboard */ = {
			isa = PBXVariantGroup;
			children = (
				CCE9E55228B3AD5400684ADF /* Base */,
			);
			name = Main.storyboard;
			sourceTree = "<group>";
		};
		CCE9E55628B3AD5600684ADF /* LaunchScreen.storyboard */ = {
			isa = PBXVariantGroup;
			children = (
				CCE9E55728B3AD5600684ADF /* Base */,
			);
			name = LaunchScreen.storyboard;
			sourceTree = "<group>";
		};
/* End PBXVariantGroup section */

/* Begin XCBuildConfiguration section */
		CCE9E55A28B3AD5600684ADF /* Debug */ = {
			isa = XCBuildConfiguration;
			buildSettings = {
				ALWAYS_SEARCH_USER_PATHS = NO;
				CLANG_ANALYZER_NONNULL = YES;
				CLANG_ANALYZER_NUMBER_OBJECT_CONVERSION = YES_AGGRESSIVE;
				CLANG_CXX_LANGUAGE_STANDARD = "gnu++17";
				CLANG_ENABLE_MODULES = YES;
				CLANG_ENABLE_OBJC_ARC = YES;
				CLANG_ENABLE_OBJC_WEAK = YES;
				CLANG_WARN_BLOCK_CAPTURE_AUTORELEASING = YES;
				CLANG_WARN_BOOL_CONVERSION = YES;
				CLANG_WARN_COMMA = YES;
				CLANG_WARN_CONSTANT_CONVERSION = YES;
				CLANG_WARN_DEPRECATED_OBJC_IMPLEMENTATIONS = YES;
				CLANG_WARN_DIRECT_OBJC_ISA_USAGE = YES_ERROR;
				CLANG_WARN_DOCUMENTATION_COMMENTS = YES;
				CLANG_WARN_EMPTY_BODY = YES;
				CLANG_WARN_ENUM_CONVERSION = YES;
				CLANG_WARN_INFINITE_RECURSION = YES;
				CLANG_WARN_INT_CONVERSION = YES;
				CLANG_WARN_NON_LITERAL_NULL_CONVERSION = YES;
				CLANG_WARN_OBJC_IMPLICIT_RETAIN_SELF = YES;
				CLANG_WARN_OBJC_LITERAL_CONVERSION = YES;
				CLANG_WARN_OBJC_ROOT_CLASS = YES_ERROR;
				CLANG_WARN_QUOTED_INCLUDE_IN_FRAMEWORK_HEADER = YES;
				CLANG_WARN_RANGE_LOOP_ANALYSIS = YES;
				CLANG_WARN_STRICT_PROTOTYPES = YES;
				CLANG_WARN_SUSPICIOUS_MOVE = YES;
				CLANG_WARN_UNGUARDED_AVAILABILITY = YES_AGGRESSIVE;
				CLANG_WARN_UNREACHABLE_CODE = YES;
				CLANG_WARN__DUPLICATE_METHOD_MATCH = YES;
				COPY_PHASE_STRIP = NO;
				DEBUG_INFORMATION_FORMAT = dwarf;
				ENABLE_STRICT_OBJC_MSGSEND = YES;
				ENABLE_TESTABILITY = YES;
				GCC_C_LANGUAGE_STANDARD = gnu11;
				GCC_DYNAMIC_NO_PIC = NO;
				GCC_NO_COMMON_BLOCKS = YES;
				GCC_OPTIMIZATION_LEVEL = 0;
				GCC_PREPROCESSOR_DEFINITIONS = (
					"DEBUG=1",
					"$(inherited)",
				);
				GCC_WARN_64_TO_32_BIT_CONVERSION = YES;
				GCC_WARN_ABOUT_RETURN_TYPE = YES_ERROR;
				GCC_WARN_UNDECLARED_SELECTOR = YES;
				GCC_WARN_UNINITIALIZED_AUTOS = YES_AGGRESSIVE;
				GCC_WARN_UNUSED_FUNCTION = YES;
				GCC_WARN_UNUSED_VARIABLE = YES;
				IPHONEOS_DEPLOYMENT_TARGET = 15.5;
				MTL_ENABLE_DEBUG_INFO = INCLUDE_SOURCE;
				MTL_FAST_MATH = YES;
				ONLY_ACTIVE_ARCH = YES;
				SDKROOT = iphoneos;
				SWIFT_ACTIVE_COMPILATION_CONDITIONS = DEBUG;
				SWIFT_OPTIMIZATION_LEVEL = "-Onone";
			};
			name = Debug;
		};
		CCE9E55B28B3AD5600684ADF /* Release */ = {
			isa = XCBuildConfiguration;
			buildSettings = {
				ALWAYS_SEARCH_USER_PATHS = NO;
				CLANG_ANALYZER_NONNULL = YES;
				CLANG_ANALYZER_NUMBER_OBJECT_CONVERSION = YES_AGGRESSIVE;
				CLANG_CXX_LANGUAGE_STANDARD = "gnu++17";
				CLANG_ENABLE_MODULES = YES;
				CLANG_ENABLE_OBJC_ARC = YES;
				CLANG_ENABLE_OBJC_WEAK = YES;
				CLANG_WARN_BLOCK_CAPTURE_AUTORELEASING = YES;
				CLANG_WARN_BOOL_CONVERSION = YES;
				CLANG_WARN_COMMA = YES;
				CLANG_WARN_CONSTANT_CONVERSION = YES;
				CLANG_WARN_DEPRECATED_OBJC_IMPLEMENTATIONS = YES;
				CLANG_WARN_DIRECT_OBJC_ISA_USAGE = YES_ERROR;
				CLANG_WARN_DOCUMENTATION_COMMENTS = YES;
				CLANG_WARN_EMPTY_BODY = YES;
				CLANG_WARN_ENUM_CONVERSION = YES;
				CLANG_WARN_INFINITE_RECURSION = YES;
				CLANG_WARN_INT_CONVERSION = YES;
				CLANG_WARN_NON_LITERAL_NULL_CONVERSION = YES;
				CLANG_WARN_OBJC_IMPLICIT_RETAIN_SELF = YES;
				CLANG_WARN_OBJC_LITERAL_CONVERSION = YES;
				CLANG_WARN_OBJC_ROOT_CLASS = YES_ERROR;
				CLANG_WARN_QUOTED_INCLUDE_IN_FRAMEWORK_HEADER = YES;
				CLANG_WARN_RANGE_LOOP_ANALYSIS = YES;
				CLANG_WARN_STRICT_PROTOTYPES = YES;
				CLANG_WARN_SUSPICIOUS_MOVE = YES;
				CLANG_WARN_UNGUARDED_AVAILABILITY = YES_AGGRESSIVE;
				CLANG_WARN_UNREACHABLE_CODE = YES;
				CLANG_WARN__DUPLICATE_METHOD_MATCH = YES;
				COPY_PHASE_STRIP = NO;
				DEBUG_INFORMATION_FORMAT = "dwarf-with-dsym";
				ENABLE_NS_ASSERTIONS = NO;
				ENABLE_STRICT_OBJC_MSGSEND = YES;
				GCC_C_LANGUAGE_STANDARD = gnu11;
				GCC_NO_COMMON_BLOCKS = YES;
				GCC_WARN_64_TO_32_BIT_CONVERSION = YES;
				GCC_WARN_ABOUT_RETURN_TYPE = YES_ERROR;
				GCC_WARN_UNDECLARED_SELECTOR = YES;
				GCC_WARN_UNINITIALIZED_AUTOS = YES_AGGRESSIVE;
				GCC_WARN_UNUSED_FUNCTION = YES;
				GCC_WARN_UNUSED_VARIABLE = YES;
				IPHONEOS_DEPLOYMENT_TARGET = 15.5;
				MTL_ENABLE_DEBUG_INFO = NO;
				MTL_FAST_MATH = YES;
				SDKROOT = iphoneos;
				SWIFT_COMPILATION_MODE = wholemodule;
				SWIFT_OPTIMIZATION_LEVEL = "-O";
				VALIDATE_PRODUCT = YES;
			};
			name = Release;
		};
		CCE9E55D28B3AD5600684ADF /* Debug */ = {
			isa = XCBuildConfiguration;
			buildSettings = {
				ASSETCATALOG_COMPILER_APPICON_NAME = AppIcon;
				ASSETCATALOG_COMPILER_GLOBAL_ACCENT_COLOR_NAME = AccentColor;
				CODE_SIGN_STYLE = Automatic;
				CURRENT_PROJECT_VERSION = 1;
				GENERATE_INFOPLIST_FILE = YES;
				INFOPLIST_FILE = MotSoUIThuongDung/Info.plist;
				INFOPLIST_KEY_UIApplicationSupportsIndirectInputEvents = YES;
				INFOPLIST_KEY_UILaunchStoryboardName = LaunchScreen;
				INFOPLIST_KEY_UIMainStoryboardFile = Main;
				INFOPLIST_KEY_UISupportedInterfaceOrientations_iPad = "UIInterfaceOrientationPortrait UIInterfaceOrientationPortraitUpsideDown UIInterfaceOrientationLandscapeLeft UIInterfaceOrientationLandscapeRight";
				INFOPLIST_KEY_UISupportedInterfaceOrientations_iPhone = "UIInterfaceOrientationPortrait UIInterfaceOrientationLandscapeLeft UIInterfaceOrientationLandscapeRight";
				IPHONEOS_DEPLOYMENT_TARGET = 13.0;
				LD_RUNPATH_SEARCH_PATHS = (
					"$(inherited)",
					"@executable_path/Frameworks",
				);
				MARKETING_VERSION = 1.0;
				PRODUCT_BUNDLE_IDENTIFIER = "TUAN-ANH.MotSoUIThuongDung";
				PRODUCT_NAME = "$(TARGET_NAME)";
				SWIFT_EMIT_LOC_STRINGS = YES;
				SWIFT_VERSION = 5.0;
				TARGETED_DEVICE_FAMILY = "1,2";
			};
			name = Debug;
		};
		CCE9E55E28B3AD5600684ADF /* Release */ = {
			isa = XCBuildConfiguration;
			buildSettings = {
				ASSETCATALOG_COMPILER_APPICON_NAME = AppIcon;
				ASSETCATALOG_COMPILER_GLOBAL_ACCENT_COLOR_NAME = AccentColor;
				CODE_SIGN_STYLE = Automatic;
				CURRENT_PROJECT_VERSION = 1;
				GENERATE_INFOPLIST_FILE = YES;
				INFOPLIST_FILE = MotSoUIThuongDung/Info.plist;
				INFOPLIST_KEY_UIApplicationSupportsIndirectInputEvents = YES;
				INFOPLIST_KEY_UILaunchStoryboardName = LaunchScreen;
				INFOPLIST_KEY_UIMainStoryboardFile = Main;
				INFOPLIST_KEY_UISupportedInterfaceOrientations_iPad = "UIInterfaceOrientationPortrait UIInterfaceOrientationPortraitUpsideDown UIInterfaceOrientationLandscapeLeft UIInterfaceOrientationLandscapeRight";
				INFOPLIST_KEY_UISupportedInterfaceOrientations_iPhone = "UIInterfaceOrientationPortrait UIInterfaceOrientationLandscapeLeft UIInterfaceOrientationLandscapeRight";
				IPHONEOS_DEPLOYMENT_TARGET = 13.0;
				LD_RUNPATH_SEARCH_PATHS = (
					"$(inherited)",
					"@executable_path/Frameworks",
				);
				MARKETING_VERSION = 1.0;
				PRODUCT_BUNDLE_IDENTIFIER = "TUAN-ANH.MotSoUIThuongDung";
				PRODUCT_NAME = "$(TARGET_NAME)";
				SWIFT_EMIT_LOC_STRINGS = YES;
				SWIFT_VERSION = 5.0;
				TARGETED_DEVICE_FAMILY = "1,2";
			};
			name = Release;
		};
/* End XCBuildConfiguration section */

/* Begin XCConfigurationList section */
		CCE9E54328B3AD5400684ADF /* Build configuration list for PBXProject "MotSoUIThuongDung" */ = {
			isa = XCConfigurationList;
			buildConfigurations = (
				CCE9E55A28B3AD5600684ADF /* Debug */,
				CCE9E55B28B3AD5600684ADF /* Release */,
			);
			defaultConfigurationIsVisible = 0;
			defaultConfigurationName = Release;
		};
		CCE9E55C28B3AD5600684ADF /* Build configuration list for PBXNativeTarget "MotSoUIThuongDung" */ = {
			isa = XCConfigurationList;
			buildConfigurations = (
				CCE9E55D28B3AD5600684ADF /* Debug */,
				CCE9E55E28B3AD5600684ADF /* Release */,
			);
			defaultConfigurationIsVisible = 0;
			defaultConfigurationName = Release;
		};
/* End XCConfigurationList section */
	};
	rootObject = CCE9E54028B3AD5400684ADF /* Project object */;
}
