// !$*UTF8*$!
{
	archiveVersion = 1;
	classes = {
	};
	objectVersion = 55;
	objects = {

/* Begin PBXBuildFile section */
		CC4FD38528DB31C30082806F /* AppDelegate.swift in Sources */ = {isa = PBXBuildFile; fileRef = CC4FD38428DB31C30082806F /* AppDelegate.swift */; };
		CC4FD38728DB31C30082806F /* SceneDelegate.swift in Sources */ = {isa = PBXBuildFile; fileRef = CC4FD38628DB31C30082806F /* SceneDelegate.swift */; };
		CC4FD38928DB31C30082806F /* ViewController.swift in Sources */ = {isa = PBXBuildFile; fileRef = CC4FD38828DB31C30082806F /* ViewController.swift */; };
		CC4FD38C28DB31C30082806F /* Main.storyboard in Resources */ = {isa = PBXBuildFile; fileRef = CC4FD38A28DB31C30082806F /* Main.storyboard */; };
		CC4FD38E28DB31C50082806F /* Assets.xcassets in Resources */ = {isa = PBXBuildFile; fileRef = CC4FD38D28DB31C50082806F /* Assets.xcassets */; };
		CC4FD39128DB31C50082806F /* LaunchScreen.storyboard in Resources */ = {isa = PBXBuildFile; fileRef = CC4FD38F28DB31C50082806F /* LaunchScreen.storyboard */; };
		CC4FD39B28DB35210082806F /* NormalViewController.swift in Sources */ = {isa = PBXBuildFile; fileRef = CC4FD39A28DB35210082806F /* NormalViewController.swift */; };
		CC4FD39D28DB37770082806F /* FilmModel.swift in Sources */ = {isa = PBXBuildFile; fileRef = CC4FD39C28DB37770082806F /* FilmModel.swift */; };
		CC4FD3A028DB38110082806F /* FilmCollectionViewCell.swift in Sources */ = {isa = PBXBuildFile; fileRef = CC4FD39E28DB38110082806F /* FilmCollectionViewCell.swift */; };
		CC4FD3A128DB38110082806F /* FilmCollectionViewCell.xib in Resources */ = {isa = PBXBuildFile; fileRef = CC4FD39F28DB38110082806F /* FilmCollectionViewCell.xib */; };
/* End PBXBuildFile section */

/* Begin PBXFileReference section */
		CC4FD38128DB31C30082806F /* DemoUICollectionView.app */ = {isa = PBXFileReference; explicitFileType = wrapper.application; includeInIndex = 0; path = DemoUICollectionView.app; sourceTree = BUILT_PRODUCTS_DIR; };
		CC4FD38428DB31C30082806F /* AppDelegate.swift */ = {isa = PBXFileReference; lastKnownFileType = sourcecode.swift; path = AppDelegate.swift; sourceTree = "<group>"; };
		CC4FD38628DB31C30082806F /* SceneDelegate.swift */ = {isa = PBXFileReference; lastKnownFileType = sourcecode.swift; path = SceneDelegate.swift; sourceTree = "<group>"; };
		CC4FD38828DB31C30082806F /* ViewController.swift */ = {isa = PBXFileReference; lastKnownFileType = sourcecode.swift; path = ViewController.swift; sourceTree = "<group>"; };
		CC4FD38B28DB31C30082806F /* Base */ = {isa = PBXFileReference; lastKnownFileType = file.storyboard; name = Base; path = Base.lproj/Main.storyboard; sourceTree = "<group>"; };
		CC4FD38D28DB31C50082806F /* Assets.xcassets */ = {isa = PBXFileReference; lastKnownFileType = folder.assetcatalog; path = Assets.xcassets; sourceTree = "<group>"; };
		CC4FD39028DB31C50082806F /* Base */ = {isa = PBXFileReference; lastKnownFileType = file.storyboard; name = Base; path = Base.lproj/LaunchScreen.storyboard; sourceTree = "<group>"; };
		CC4FD39228DB31C50082806F /* Info.plist */ = {isa = PBXFileReference; lastKnownFileType = text.plist.xml; path = Info.plist; sourceTree = "<group>"; };
		CC4FD39A28DB35210082806F /* NormalViewController.swift */ = {isa = PBXFileReference; lastKnownFileType = sourcecode.swift; path = NormalViewController.swift; sourceTree = "<group>"; };
		CC4FD39C28DB37770082806F /* FilmModel.swift */ = {isa = PBXFileReference; lastKnownFileType = sourcecode.swift; path = FilmModel.swift; sourceTree = "<group>"; };
		CC4FD39E28DB38110082806F /* FilmCollectionViewCell.swift */ = {isa = PBXFileReference; lastKnownFileType = sourcecode.swift; path = FilmCollectionViewCell.swift; sourceTree = "<group>"; };
		CC4FD39F28DB38110082806F /* FilmCollectionViewCell.xib */ = {isa = PBXFileReference; lastKnownFileType = file.xib; path = FilmCollectionViewCell.xib; sourceTree = "<group>"; };
/* End PBXFileReference section */

/* Begin PBXFrameworksBuildPhase section */
		CC4FD37E28DB31C30082806F /* Frameworks */ = {
			isa = PBXFrameworksBuildPhase;
			buildActionMask = 2147483647;
			files = (
			);
			runOnlyForDeploymentPostprocessing = 0;
		};
/* End PBXFrameworksBuildPhase section */

/* Begin PBXGroup section */
		CC4FD37828DB31C30082806F = {
			isa = PBXGroup;
			children = (
				CC4FD38328DB31C30082806F /* DemoUICollectionView */,
				CC4FD38228DB31C30082806F /* Products */,
			);
			sourceTree = "<group>";
		};
		CC4FD38228DB31C30082806F /* Products */ = {
			isa = PBXGroup;
			children = (
				CC4FD38128DB31C30082806F /* DemoUICollectionView.app */,
			);
			name = Products;
			sourceTree = "<group>";
		};
		CC4FD38328DB31C30082806F /* DemoUICollectionView */ = {
			isa = PBXGroup;
			children = (
				CC4FD38428DB31C30082806F /* AppDelegate.swift */,
				CC4FD38628DB31C30082806F /* SceneDelegate.swift */,
				CC4FD38828DB31C30082806F /* ViewController.swift */,
				CC4FD38A28DB31C30082806F /* Main.storyboard */,
				CC4FD38D28DB31C50082806F /* Assets.xcassets */,
				CC4FD38F28DB31C50082806F /* LaunchScreen.storyboard */,
				CC4FD39228DB31C50082806F /* Info.plist */,
				CC4FD39A28DB35210082806F /* NormalViewController.swift */,
				CC4FD39E28DB38110082806F /* FilmCollectionViewCell.swift */,
				CC4FD39F28DB38110082806F /* FilmCollectionViewCell.xib */,
				CC4FD39C28DB37770082806F /* FilmModel.swift */,
			);
			path = DemoUICollectionView;
			sourceTree = "<group>";
		};
/* End PBXGroup section */

/* Begin PBXNativeTarget section */
		CC4FD38028DB31C30082806F /* DemoUICollectionView */ = {
			isa = PBXNativeTarget;
			buildConfigurationList = CC4FD39528DB31C50082806F /* Build configuration list for PBXNativeTarget "DemoUICollectionView" */;
			buildPhases = (
				CC4FD37D28DB31C30082806F /* Sources */,
				CC4FD37E28DB31C30082806F /* Frameworks */,
				CC4FD37F28DB31C30082806F /* Resources */,
			);
			buildRules = (
			);
			dependencies = (
			);
			name = DemoUICollectionView;
			productName = DemoUICollectionView;
			productReference = CC4FD38128DB31C30082806F /* DemoUICollectionView.app */;
			productType = "com.apple.product-type.application";
		};
/* End PBXNativeTarget section */

/* Begin PBXProject section */
		CC4FD37928DB31C30082806F /* Project object */ = {
			isa = PBXProject;
			attributes = {
				BuildIndependentTargetsInParallel = 1;
				LastSwiftUpdateCheck = 1340;
				LastUpgradeCheck = 1340;
				TargetAttributes = {
					CC4FD38028DB31C30082806F = {
						CreatedOnToolsVersion = 13.4.1;
					};
				};
			};
			buildConfigurationList = CC4FD37C28DB31C30082806F /* Build configuration list for PBXProject "DemoUICollectionView" */;
			compatibilityVersion = "Xcode 13.0";
			developmentRegion = en;
			hasScannedForEncodings = 0;
			knownRegions = (
				en,
				Base,
			);
			mainGroup = CC4FD37828DB31C30082806F;
			productRefGroup = CC4FD38228DB31C30082806F /* Products */;
			projectDirPath = "";
			projectRoot = "";
			targets = (
				CC4FD38028DB31C30082806F /* DemoUICollectionView */,
			);
		};
/* End PBXProject section */

/* Begin PBXResourcesBuildPhase section */
		CC4FD37F28DB31C30082806F /* Resources */ = {
			isa = PBXResourcesBuildPhase;
			buildActionMask = 2147483647;
			files = (
				CC4FD39128DB31C50082806F /* LaunchScreen.storyboard in Resources */,
				CC4FD38E28DB31C50082806F /* Assets.xcassets in Resources */,
				CC4FD3A128DB38110082806F /* FilmCollectionViewCell.xib in Resources */,
				CC4FD38C28DB31C30082806F /* Main.storyboard in Resources */,
			);
			runOnlyForDeploymentPostprocessing = 0;
		};
/* End PBXResourcesBuildPhase section */

/* Begin PBXSourcesBuildPhase section */
		CC4FD37D28DB31C30082806F /* Sources */ = {
			isa = PBXSourcesBuildPhase;
			buildActionMask = 2147483647;
			files = (
				CC4FD3A028DB38110082806F /* FilmCollectionViewCell.swift in Sources */,
				CC4FD39D28DB37770082806F /* FilmModel.swift in Sources */,
				CC4FD38928DB31C30082806F /* ViewController.swift in Sources */,
				CC4FD39B28DB35210082806F /* NormalViewController.swift in Sources */,
				CC4FD38528DB31C30082806F /* AppDelegate.swift in Sources */,
				CC4FD38728DB31C30082806F /* SceneDelegate.swift in Sources */,
			);
			runOnlyForDeploymentPostprocessing = 0;
		};
/* End PBXSourcesBuildPhase section */

/* Begin PBXVariantGroup section */
		CC4FD38A28DB31C30082806F /* Main.storyboard */ = {
			isa = PBXVariantGroup;
			children = (
				CC4FD38B28DB31C30082806F /* Base */,
			);
			name = Main.storyboard;
			sourceTree = "<group>";
		};
		CC4FD38F28DB31C50082806F /* LaunchScreen.storyboard */ = {
			isa = PBXVariantGroup;
			children = (
				CC4FD39028DB31C50082806F /* Base */,
			);
			name = LaunchScreen.storyboard;
			sourceTree = "<group>";
		};
/* End PBXVariantGroup section */

/* Begin XCBuildConfiguration section */
		CC4FD39328DB31C50082806F /* Debug */ = {
			isa = XCBuildConfiguration;
			buildSettings = {
				ALWAYS_SEARCH_USER_PATHS = NO;
				CLANG_ANALYZER_NONNULL = YES;
				CLANG_ANALYZER_NUMBER_OBJECT_CONVERSION = YES_AGGRESSIVE;
				CLANG_CXX_LANGUAGE_STANDARD = "gnu++17";
				CLANG_ENABLE_MODULES = YES;
				CLANG_ENABLE_OBJC_ARC = YES;
				CLANG_ENABLE_OBJC_WEAK = YES;
				CLANG_WARN_BLOCK_CAPTURE_AUTORELEASING = YES;
				CLANG_WARN_BOOL_CONVERSION = YES;
				CLANG_WARN_COMMA = YES;
				CLANG_WARN_CONSTANT_CONVERSION = YES;
				CLANG_WARN_DEPRECATED_OBJC_IMPLEMENTATIONS = YES;
				CLANG_WARN_DIRECT_OBJC_ISA_USAGE = YES_ERROR;
				CLANG_WARN_DOCUMENTATION_COMMENTS = YES;
				CLANG_WARN_EMPTY_BODY = YES;
				CLANG_WARN_ENUM_CONVERSION = YES;
				CLANG_WARN_INFINITE_RECURSION = YES;
				CLANG_WARN_INT_CONVERSION = YES;
				CLANG_WARN_NON_LITERAL_NULL_CONVERSION = YES;
				CLANG_WARN_OBJC_IMPLICIT_RETAIN_SELF = YES;
				CLANG_WARN_OBJC_LITERAL_CONVERSION = YES;
				CLANG_WARN_OBJC_ROOT_CLASS = YES_ERROR;
				CLANG_WARN_QUOTED_INCLUDE_IN_FRAMEWORK_HEADER = YES;
				CLANG_WARN_RANGE_LOOP_ANALYSIS = YES;
				CLANG_WARN_STRICT_PROTOTYPES = YES;
				CLANG_WARN_SUSPICIOUS_MOVE = YES;
				CLANG_WARN_UNGUARDED_AVAILABILITY = YES_AGGRESSIVE;
				CLANG_WARN_UNREACHABLE_CODE = YES;
				CLANG_WARN__DUPLICATE_METHOD_MATCH = YES;
				COPY_PHASE_STRIP = NO;
				DEBUG_INFORMATION_FORMAT = dwarf;
				ENABLE_STRICT_OBJC_MSGSEND = YES;
				ENABLE_TESTABILITY = YES;
				GCC_C_LANGUAGE_STANDARD = gnu11;
				GCC_DYNAMIC_NO_PIC = NO;
				GCC_NO_COMMON_BLOCKS = YES;
				GCC_OPTIMIZATION_LEVEL = 0;
				GCC_PREPROCESSOR_DEFINITIONS = (
					"DEBUG=1",
					"$(inherited)",
				);
				GCC_WARN_64_TO_32_BIT_CONVERSION = YES;
				GCC_WARN_ABOUT_RETURN_TYPE = YES_ERROR;
				GCC_WARN_UNDECLARED_SELECTOR = YES;
				GCC_WARN_UNINITIALIZED_AUTOS = YES_AGGRESSIVE;
				GCC_WARN_UNUSED_FUNCTION = YES;
				GCC_WARN_UNUSED_VARIABLE = YES;
				IPHONEOS_DEPLOYMENT_TARGET = 15.5;
				MTL_ENABLE_DEBUG_INFO = INCLUDE_SOURCE;
				MTL_FAST_MATH = YES;
				ONLY_ACTIVE_ARCH = YES;
				SDKROOT = iphoneos;
				SWIFT_ACTIVE_COMPILATION_CONDITIONS = DEBUG;
				SWIFT_OPTIMIZATION_LEVEL = "-Onone";
			};
			name = Debug;
		};
		CC4FD39428DB31C50082806F /* Release */ = {
			isa = XCBuildConfiguration;
			buildSettings = {
				ALWAYS_SEARCH_USER_PATHS = NO;
				CLANG_ANALYZER_NONNULL = YES;
				CLANG_ANALYZER_NUMBER_OBJECT_CONVERSION = YES_AGGRESSIVE;
				CLANG_CXX_LANGUAGE_STANDARD = "gnu++17";
				CLANG_ENABLE_MODULES = YES;
				CLANG_ENABLE_OBJC_ARC = YES;
				CLANG_ENABLE_OBJC_WEAK = YES;
				CLANG_WARN_BLOCK_CAPTURE_AUTORELEASING = YES;
				CLANG_WARN_BOOL_CONVERSION = YES;
				CLANG_WARN_COMMA = YES;
				CLANG_WARN_CONSTANT_CONVERSION = YES;
				CLANG_WARN_DEPRECATED_OBJC_IMPLEMENTATIONS = YES;
				CLANG_WARN_DIRECT_OBJC_ISA_USAGE = YES_ERROR;
				CLANG_WARN_DOCUMENTATION_COMMENTS = YES;
				CLANG_WARN_EMPTY_BODY = YES;
				CLANG_WARN_ENUM_CONVERSION = YES;
				CLANG_WARN_INFINITE_RECURSION = YES;
				CLANG_WARN_INT_CONVERSION = YES;
				CLANG_WARN_NON_LITERAL_NULL_CONVERSION = YES;
				CLANG_WARN_OBJC_IMPLICIT_RETAIN_SELF = YES;
				CLANG_WARN_OBJC_LITERAL_CONVERSION = YES;
				CLANG_WARN_OBJC_ROOT_CLASS = YES_ERROR;
				CLANG_WARN_QUOTED_INCLUDE_IN_FRAMEWORK_HEADER = YES;
				CLANG_WARN_RANGE_LOOP_ANALYSIS = YES;
				CLANG_WARN_STRICT_PROTOTYPES = YES;
				CLANG_WARN_SUSPICIOUS_MOVE = YES;
				CLANG_WARN_UNGUARDED_AVAILABILITY = YES_AGGRESSIVE;
				CLANG_WARN_UNREACHABLE_CODE = YES;
				CLANG_WARN__DUPLICATE_METHOD_MATCH = YES;
				COPY_PHASE_STRIP = NO;
				DEBUG_INFORMATION_FORMAT = "dwarf-with-dsym";
				ENABLE_NS_ASSERTIONS = NO;
				ENABLE_STRICT_OBJC_MSGSEND = YES;
				GCC_C_LANGUAGE_STANDARD = gnu11;
				GCC_NO_COMMON_BLOCKS = YES;
				GCC_WARN_64_TO_32_BIT_CONVERSION = YES;
				GCC_WARN_ABOUT_RETURN_TYPE = YES_ERROR;
				GCC_WARN_UNDECLARED_SELECTOR = YES;
				GCC_WARN_UNINITIALIZED_AUTOS = YES_AGGRESSIVE;
				GCC_WARN_UNUSED_FUNCTION = YES;
				GCC_WARN_UNUSED_VARIABLE = YES;
				IPHONEOS_DEPLOYMENT_TARGET = 15.5;
				MTL_ENABLE_DEBUG_INFO = NO;
				MTL_FAST_MATH = YES;
				SDKROOT = iphoneos;
				SWIFT_COMPILATION_MODE = wholemodule;
				SWIFT_OPTIMIZATION_LEVEL = "-O";
				VALIDATE_PRODUCT = YES;
			};
			name = Release;
		};
		CC4FD39628DB31C50082806F /* Debug */ = {
			isa = XCBuildConfiguration;
			buildSettings = {
				ASSETCATALOG_COMPILER_APPICON_NAME = AppIcon;
				ASSETCATALOG_COMPILER_GLOBAL_ACCENT_COLOR_NAME = AccentColor;
				CODE_SIGN_STYLE = Automatic;
				CURRENT_PROJECT_VERSION = 1;
				GENERATE_INFOPLIST_FILE = YES;
				INFOPLIST_FILE = DemoUICollectionView/Info.plist;
				INFOPLIST_KEY_UIApplicationSupportsIndirectInputEvents = YES;
				INFOPLIST_KEY_UILaunchStoryboardName = LaunchScreen;
				INFOPLIST_KEY_UIMainStoryboardFile = Main;
				INFOPLIST_KEY_UISupportedInterfaceOrientations_iPad = "UIInterfaceOrientationPortrait UIInterfaceOrientationPortraitUpsideDown UIInterfaceOrientationLandscapeLeft UIInterfaceOrientationLandscapeRight";
				INFOPLIST_KEY_UISupportedInterfaceOrientations_iPhone = "UIInterfaceOrientationPortrait UIInterfaceOrientationLandscapeLeft UIInterfaceOrientationLandscapeRight";
				LD_RUNPATH_SEARCH_PATHS = (
					"$(inherited)",
					"@executable_path/Frameworks",
				);
				MARKETING_VERSION = 1.0;
				PRODUCT_BUNDLE_IDENTIFIER = "TUAN-ANH.DemoUICollectionView";
				PRODUCT_NAME = "$(TARGET_NAME)";
				SWIFT_EMIT_LOC_STRINGS = YES;
				SWIFT_VERSION = 5.0;
				TARGETED_DEVICE_FAMILY = "1,2";
			};
			name = Debug;
		};
		CC4FD39728DB31C50082806F /* Release */ = {
			isa = XCBuildConfiguration;
			buildSettings = {
				ASSETCATALOG_COMPILER_APPICON_NAME = AppIcon;
				ASSETCATALOG_COMPILER_GLOBAL_ACCENT_COLOR_NAME = AccentColor;
				CODE_SIGN_STYLE = Automatic;
				CURRENT_PROJECT_VERSION = 1;
				GENERATE_INFOPLIST_FILE = YES;
				INFOPLIST_FILE = DemoUICollectionView/Info.plist;
				INFOPLIST_KEY_UIApplicationSupportsIndirectInputEvents = YES;
				INFOPLIST_KEY_UILaunchStoryboardName = LaunchScreen;
				INFOPLIST_KEY_UIMainStoryboardFile = Main;
				INFOPLIST_KEY_UISupportedInterfaceOrientations_iPad = "UIInterfaceOrientationPortrait UIInterfaceOrientationPortraitUpsideDown UIInterfaceOrientationLandscapeLeft UIInterfaceOrientationLandscapeRight";
				INFOPLIST_KEY_UISupportedInterfaceOrientations_iPhone = "UIInterfaceOrientationPortrait UIInterfaceOrientationLandscapeLeft UIInterfaceOrientationLandscapeRight";
				LD_RUNPATH_SEARCH_PATHS = (
					"$(inherited)",
					"@executable_path/Frameworks",
				);
				MARKETING_VERSION = 1.0;
				PRODUCT_BUNDLE_IDENTIFIER = "TUAN-ANH.DemoUICollectionView";
				PRODUCT_NAME = "$(TARGET_NAME)";
				SWIFT_EMIT_LOC_STRINGS = YES;
				SWIFT_VERSION = 5.0;
				TARGETED_DEVICE_FAMILY = "1,2";
			};
			name = Release;
		};
/* End XCBuildConfiguration section */

/* Begin XCConfigurationList section */
		CC4FD37C28DB31C30082806F /* Build configuration list for PBXProject "DemoUICollectionView" */ = {
			isa = XCConfigurationList;
			buildConfigurations = (
				CC4FD39328DB31C50082806F /* Debug */,
				CC4FD39428DB31C50082806F /* Release */,
			);
			defaultConfigurationIsVisible = 0;
			defaultConfigurationName = Release;
		};
		CC4FD39528DB31C50082806F /* Build configuration list for PBXNativeTarget "DemoUICollectionView" */ = {
			isa = XCConfigurationList;
			buildConfigurations = (
				CC4FD39628DB31C50082806F /* Debug */,
				CC4FD39728DB31C50082806F /* Release */,
			);
			defaultConfigurationIsVisible = 0;
			defaultConfigurationName = Release;
		};
/* End XCConfigurationList section */
	};
	rootObject = CC4FD37928DB31C30082806F /* Project object */;
}
