// !$*UTF8*$!
{
	archiveVersion = 1;
	classes = {
	};
	objectVersion = 55;
	objects = {

/* Begin PBXBuildFile section */
		CCC0A9BA28E2A9C4004E3A9B /* AppDelegate.swift in Sources */ = {isa = PBXBuildFile; fileRef = CCC0A9B928E2A9C4004E3A9B /* AppDelegate.swift */; };
		CCC0A9BC28E2A9C4004E3A9B /* SceneDelegate.swift in Sources */ = {isa = PBXBuildFile; fileRef = CCC0A9BB28E2A9C4004E3A9B /* SceneDelegate.swift */; };
		CCC0A9BE28E2A9C4004E3A9B /* Netflix.swift in Sources */ = {isa = PBXBuildFile; fileRef = CCC0A9BD28E2A9C4004E3A9B /* Netflix.swift */; };
		CCC0A9C128E2A9C4004E3A9B /* Main.storyboard in Resources */ = {isa = PBXBuildFile; fileRef = CCC0A9BF28E2A9C4004E3A9B /* Main.storyboard */; };
		CCC0A9C328E2A9C5004E3A9B /* Assets.xcassets in Resources */ = {isa = PBXBuildFile; fileRef = CCC0A9C228E2A9C5004E3A9B /* Assets.xcassets */; };
		CCC0A9C628E2A9C5004E3A9B /* LaunchScreen.storyboard in Resources */ = {isa = PBXBuildFile; fileRef = CCC0A9C428E2A9C5004E3A9B /* LaunchScreen.storyboard */; };
		CCC0A9CF28E2AA80004E3A9B /* ScrollView.swift in Sources */ = {isa = PBXBuildFile; fileRef = CCC0A9CE28E2AA80004E3A9B /* ScrollView.swift */; };
		CCC0A9D328E2AAB4004E3A9B /* ScrollView.xib in Resources */ = {isa = PBXBuildFile; fileRef = CCC0A9D228E2AAB4004E3A9B /* ScrollView.xib */; };
		CCC0A9D528E2B122004E3A9B /* DataScroll.swift in Sources */ = {isa = PBXBuildFile; fileRef = CCC0A9D428E2B122004E3A9B /* DataScroll.swift */; };
		CCC0A9D828E2D03A004E3A9B /* LogginViewController.swift in Sources */ = {isa = PBXBuildFile; fileRef = CCC0A9D628E2D03A004E3A9B /* LogginViewController.swift */; };
		CCC0A9D928E2D03A004E3A9B /* LogginViewController.xib in Resources */ = {isa = PBXBuildFile; fileRef = CCC0A9D728E2D03A004E3A9B /* LogginViewController.xib */; };
		CCC0A9DC28E30846004E3A9B /* JohnViewController.swift in Sources */ = {isa = PBXBuildFile; fileRef = CCC0A9DA28E30846004E3A9B /* JohnViewController.swift */; };
		CCC0A9DD28E30846004E3A9B /* JohnViewController.xib in Resources */ = {isa = PBXBuildFile; fileRef = CCC0A9DB28E30846004E3A9B /* JohnViewController.xib */; };
		CCC0A9E028E32723004E3A9B /* WebKit.framework in Frameworks */ = {isa = PBXBuildFile; fileRef = CCC0A9DF28E32723004E3A9B /* WebKit.framework */; };
		CCC0A9E328E32799004E3A9B /* WebKitViewController.swift in Sources */ = {isa = PBXBuildFile; fileRef = CCC0A9E128E32799004E3A9B /* WebKitViewController.swift */; };
		CCC0A9E428E32799004E3A9B /* WebKitViewController.xib in Resources */ = {isa = PBXBuildFile; fileRef = CCC0A9E228E32799004E3A9B /* WebKitViewController.xib */; };
		CCC0A9E828E3304D004E3A9B /* HelpViewController.swift in Sources */ = {isa = PBXBuildFile; fileRef = CCC0A9E628E3304D004E3A9B /* HelpViewController.swift */; };
		CCC0A9E928E3304D004E3A9B /* HelpViewController.xib in Resources */ = {isa = PBXBuildFile; fileRef = CCC0A9E728E3304D004E3A9B /* HelpViewController.xib */; };
/* End PBXBuildFile section */

/* Begin PBXFileReference section */
		CCC0A9B628E2A9C4004E3A9B /* NetFlix.app */ = {isa = PBXFileReference; explicitFileType = wrapper.application; includeInIndex = 0; path = NetFlix.app; sourceTree = BUILT_PRODUCTS_DIR; };
		CCC0A9B928E2A9C4004E3A9B /* AppDelegate.swift */ = {isa = PBXFileReference; lastKnownFileType = sourcecode.swift; path = AppDelegate.swift; sourceTree = "<group>"; };
		CCC0A9BB28E2A9C4004E3A9B /* SceneDelegate.swift */ = {isa = PBXFileReference; lastKnownFileType = sourcecode.swift; path = SceneDelegate.swift; sourceTree = "<group>"; };
		CCC0A9BD28E2A9C4004E3A9B /* Netflix.swift */ = {isa = PBXFileReference; lastKnownFileType = sourcecode.swift; path = Netflix.swift; sourceTree = "<group>"; };
		CCC0A9C028E2A9C4004E3A9B /* Base */ = {isa = PBXFileReference; lastKnownFileType = file.storyboard; name = Base; path = Base.lproj/Main.storyboard; sourceTree = "<group>"; };
		CCC0A9C228E2A9C5004E3A9B /* Assets.xcassets */ = {isa = PBXFileReference; lastKnownFileType = folder.assetcatalog; path = Assets.xcassets; sourceTree = "<group>"; };
		CCC0A9C528E2A9C5004E3A9B /* Base */ = {isa = PBXFileReference; lastKnownFileType = file.storyboard; name = Base; path = Base.lproj/LaunchScreen.storyboard; sourceTree = "<group>"; };
		CCC0A9C728E2A9C5004E3A9B /* Info.plist */ = {isa = PBXFileReference; lastKnownFileType = text.plist.xml; path = Info.plist; sourceTree = "<group>"; };
		CCC0A9CE28E2AA80004E3A9B /* ScrollView.swift */ = {isa = PBXFileReference; lastKnownFileType = sourcecode.swift; path = ScrollView.swift; sourceTree = "<group>"; };
		CCC0A9D228E2AAB4004E3A9B /* ScrollView.xib */ = {isa = PBXFileReference; lastKnownFileType = file.xib; path = ScrollView.xib; sourceTree = "<group>"; };
		CCC0A9D428E2B122004E3A9B /* DataScroll.swift */ = {isa = PBXFileReference; lastKnownFileType = sourcecode.swift; path = DataScroll.swift; sourceTree = "<group>"; };
		CCC0A9D628E2D03A004E3A9B /* LogginViewController.swift */ = {isa = PBXFileReference; lastKnownFileType = sourcecode.swift; path = LogginViewController.swift; sourceTree = "<group>"; };
		CCC0A9D728E2D03A004E3A9B /* LogginViewController.xib */ = {isa = PBXFileReference; lastKnownFileType = file.xib; path = LogginViewController.xib; sourceTree = "<group>"; };
		CCC0A9DA28E30846004E3A9B /* JohnViewController.swift */ = {isa = PBXFileReference; lastKnownFileType = sourcecode.swift; path = JohnViewController.swift; sourceTree = "<group>"; };
		CCC0A9DB28E30846004E3A9B /* JohnViewController.xib */ = {isa = PBXFileReference; lastKnownFileType = file.xib; path = JohnViewController.xib; sourceTree = "<group>"; };
		CCC0A9DF28E32723004E3A9B /* WebKit.framework */ = {isa = PBXFileReference; lastKnownFileType = wrapper.framework; name = WebKit.framework; path = System/Library/Frameworks/WebKit.framework; sourceTree = SDKROOT; };
		CCC0A9E128E32799004E3A9B /* WebKitViewController.swift */ = {isa = PBXFileReference; lastKnownFileType = sourcecode.swift; path = WebKitViewController.swift; sourceTree = "<group>"; };
		CCC0A9E228E32799004E3A9B /* WebKitViewController.xib */ = {isa = PBXFileReference; lastKnownFileType = file.xib; path = WebKitViewController.xib; sourceTree = "<group>"; };
		CCC0A9E628E3304D004E3A9B /* HelpViewController.swift */ = {isa = PBXFileReference; lastKnownFileType = sourcecode.swift; path = HelpViewController.swift; sourceTree = "<group>"; };
		CCC0A9E728E3304D004E3A9B /* HelpViewController.xib */ = {isa = PBXFileReference; lastKnownFileType = file.xib; path = HelpViewController.xib; sourceTree = "<group>"; };
/* End PBXFileReference section */

/* Begin PBXFrameworksBuildPhase section */
		CCC0A9B328E2A9C4004E3A9B /* Frameworks */ = {
			isa = PBXFrameworksBuildPhase;
			buildActionMask = 2147483647;
			files = (
				CCC0A9E028E32723004E3A9B /* WebKit.framework in Frameworks */,
			);
			runOnlyForDeploymentPostprocessing = 0;
		};
/* End PBXFrameworksBuildPhase section */

/* Begin PBXGroup section */
		CCC0A9AD28E2A9C4004E3A9B = {
			isa = PBXGroup;
			children = (
				CCC0A9B728E2A9C4004E3A9B /* Products */,
				CCC0A9DE28E32723004E3A9B /* Frameworks */,
				CCC0A9B828E2A9C4004E3A9B /* NetFlix */,
			);
			sourceTree = "<group>";
		};
		CCC0A9B728E2A9C4004E3A9B /* Products */ = {
			isa = PBXGroup;
			children = (
				CCC0A9B628E2A9C4004E3A9B /* NetFlix.app */,
			);
			name = Products;
			sourceTree = "<group>";
		};
		CCC0A9B828E2A9C4004E3A9B /* NetFlix */ = {
			isa = PBXGroup;
			children = (
				CCC0A9B928E2A9C4004E3A9B /* AppDelegate.swift */,
				CCC0A9BB28E2A9C4004E3A9B /* SceneDelegate.swift */,
				CCC0A9BF28E2A9C4004E3A9B /* Main.storyboard */,
				CCC0A9C228E2A9C5004E3A9B /* Assets.xcassets */,
				CCC0A9C428E2A9C5004E3A9B /* LaunchScreen.storyboard */,
				CCC0A9C728E2A9C5004E3A9B /* Info.plist */,
				CCC0A9E528E32A0A004E3A9B /* HelpScreen */,
				CCC0A9CD28E2A9DC004E3A9B /* HomePage */,
			);
			path = NetFlix;
			sourceTree = "<group>";
		};
		CCC0A9CD28E2A9DC004E3A9B /* HomePage */ = {
			isa = PBXGroup;
			children = (
				CCC0A9BD28E2A9C4004E3A9B /* Netflix.swift */,
				CCC0A9CE28E2AA80004E3A9B /* ScrollView.swift */,
				CCC0A9D228E2AAB4004E3A9B /* ScrollView.xib */,
				CCC0A9D428E2B122004E3A9B /* DataScroll.swift */,
				CCC0A9D628E2D03A004E3A9B /* LogginViewController.swift */,
				CCC0A9D728E2D03A004E3A9B /* LogginViewController.xib */,
				CCC0A9DA28E30846004E3A9B /* JohnViewController.swift */,
				CCC0A9DB28E30846004E3A9B /* JohnViewController.xib */,
				CCC0A9E128E32799004E3A9B /* WebKitViewController.swift */,
				CCC0A9E228E32799004E3A9B /* WebKitViewController.xib */,
			);
			path = HomePage;
			sourceTree = "<group>";
		};
		CCC0A9DE28E32723004E3A9B /* Frameworks */ = {
			isa = PBXGroup;
			children = (
				CCC0A9DF28E32723004E3A9B /* WebKit.framework */,
			);
			name = Frameworks;
			sourceTree = "<group>";
		};
		CCC0A9E528E32A0A004E3A9B /* HelpScreen */ = {
			isa = PBXGroup;
			children = (
				CCC0A9E628E3304D004E3A9B /* HelpViewController.swift */,
				CCC0A9E728E3304D004E3A9B /* HelpViewController.xib */,
			);
			path = HelpScreen;
			sourceTree = "<group>";
		};
/* End PBXGroup section */

/* Begin PBXNativeTarget section */
		CCC0A9B528E2A9C4004E3A9B /* NetFlix */ = {
			isa = PBXNativeTarget;
			buildConfigurationList = CCC0A9CA28E2A9C5004E3A9B /* Build configuration list for PBXNativeTarget "NetFlix" */;
			buildPhases = (
				CCC0A9B228E2A9C4004E3A9B /* Sources */,
				CCC0A9B328E2A9C4004E3A9B /* Frameworks */,
				CCC0A9B428E2A9C4004E3A9B /* Resources */,
			);
			buildRules = (
			);
			dependencies = (
			);
			name = NetFlix;
			productName = NetFlix;
			productReference = CCC0A9B628E2A9C4004E3A9B /* NetFlix.app */;
			productType = "com.apple.product-type.application";
		};
/* End PBXNativeTarget section */

/* Begin PBXProject section */
		CCC0A9AE28E2A9C4004E3A9B /* Project object */ = {
			isa = PBXProject;
			attributes = {
				BuildIndependentTargetsInParallel = 1;
				LastSwiftUpdateCheck = 1340;
				LastUpgradeCheck = 1340;
				TargetAttributes = {
					CCC0A9B528E2A9C4004E3A9B = {
						CreatedOnToolsVersion = 13.4.1;
					};
				};
			};
			buildConfigurationList = CCC0A9B128E2A9C4004E3A9B /* Build configuration list for PBXProject "NetFlix" */;
			compatibilityVersion = "Xcode 13.0";
			developmentRegion = en;
			hasScannedForEncodings = 0;
			knownRegions = (
				en,
				Base,
			);
			mainGroup = CCC0A9AD28E2A9C4004E3A9B;
			productRefGroup = CCC0A9B728E2A9C4004E3A9B /* Products */;
			projectDirPath = "";
			projectRoot = "";
			targets = (
				CCC0A9B528E2A9C4004E3A9B /* NetFlix */,
			);
		};
/* End PBXProject section */

/* Begin PBXResourcesBuildPhase section */
		CCC0A9B428E2A9C4004E3A9B /* Resources */ = {
			isa = PBXResourcesBuildPhase;
			buildActionMask = 2147483647;
			files = (
				CCC0A9D328E2AAB4004E3A9B /* ScrollView.xib in Resources */,
				CCC0A9DD28E30846004E3A9B /* JohnViewController.xib in Resources */,
				CCC0A9C628E2A9C5004E3A9B /* LaunchScreen.storyboard in Resources */,
				CCC0A9C328E2A9C5004E3A9B /* Assets.xcassets in Resources */,
				CCC0A9D928E2D03A004E3A9B /* LogginViewController.xib in Resources */,
				CCC0A9C128E2A9C4004E3A9B /* Main.storyboard in Resources */,
				CCC0A9E428E32799004E3A9B /* WebKitViewController.xib in Resources */,
				CCC0A9E928E3304D004E3A9B /* HelpViewController.xib in Resources */,
			);
			runOnlyForDeploymentPostprocessing = 0;
		};
/* End PBXResourcesBuildPhase section */

/* Begin PBXSourcesBuildPhase section */
		CCC0A9B228E2A9C4004E3A9B /* Sources */ = {
			isa = PBXSourcesBuildPhase;
			buildActionMask = 2147483647;
			files = (
				CCC0A9D828E2D03A004E3A9B /* LogginViewController.swift in Sources */,
				CCC0A9BE28E2A9C4004E3A9B /* Netflix.swift in Sources */,
				CCC0A9E328E32799004E3A9B /* WebKitViewController.swift in Sources */,
				CCC0A9D528E2B122004E3A9B /* DataScroll.swift in Sources */,
				CCC0A9E828E3304D004E3A9B /* HelpViewController.swift in Sources */,
				CCC0A9CF28E2AA80004E3A9B /* ScrollView.swift in Sources */,
				CCC0A9BA28E2A9C4004E3A9B /* AppDelegate.swift in Sources */,
				CCC0A9DC28E30846004E3A9B /* JohnViewController.swift in Sources */,
				CCC0A9BC28E2A9C4004E3A9B /* SceneDelegate.swift in Sources */,
			);
			runOnlyForDeploymentPostprocessing = 0;
		};
/* End PBXSourcesBuildPhase section */

/* Begin PBXVariantGroup section */
		CCC0A9BF28E2A9C4004E3A9B /* Main.storyboard */ = {
			isa = PBXVariantGroup;
			children = (
				CCC0A9C028E2A9C4004E3A9B /* Base */,
			);
			name = Main.storyboard;
			sourceTree = "<group>";
		};
		CCC0A9C428E2A9C5004E3A9B /* LaunchScreen.storyboard */ = {
			isa = PBXVariantGroup;
			children = (
				CCC0A9C528E2A9C5004E3A9B /* Base */,
			);
			name = LaunchScreen.storyboard;
			sourceTree = "<group>";
		};
/* End PBXVariantGroup section */

/* Begin XCBuildConfiguration section */
		CCC0A9C828E2A9C5004E3A9B /* Debug */ = {
			isa = XCBuildConfiguration;
			buildSettings = {
				ALWAYS_SEARCH_USER_PATHS = NO;
				CLANG_ANALYZER_NONNULL = YES;
				CLANG_ANALYZER_NUMBER_OBJECT_CONVERSION = YES_AGGRESSIVE;
				CLANG_CXX_LANGUAGE_STANDARD = "gnu++17";
				CLANG_ENABLE_MODULES = YES;
				CLANG_ENABLE_OBJC_ARC = YES;
				CLANG_ENABLE_OBJC_WEAK = YES;
				CLANG_WARN_BLOCK_CAPTURE_AUTORELEASING = YES;
				CLANG_WARN_BOOL_CONVERSION = YES;
				CLANG_WARN_COMMA = YES;
				CLANG_WARN_CONSTANT_CONVERSION = YES;
				CLANG_WARN_DEPRECATED_OBJC_IMPLEMENTATIONS = YES;
				CLANG_WARN_DIRECT_OBJC_ISA_USAGE = YES_ERROR;
				CLANG_WARN_DOCUMENTATION_COMMENTS = YES;
				CLANG_WARN_EMPTY_BODY = YES;
				CLANG_WARN_ENUM_CONVERSION = YES;
				CLANG_WARN_INFINITE_RECURSION = YES;
				CLANG_WARN_INT_CONVERSION = YES;
				CLANG_WARN_NON_LITERAL_NULL_CONVERSION = YES;
				CLANG_WARN_OBJC_IMPLICIT_RETAIN_SELF = YES;
				CLANG_WARN_OBJC_LITERAL_CONVERSION = YES;
				CLANG_WARN_OBJC_ROOT_CLASS = YES_ERROR;
				CLANG_WARN_QUOTED_INCLUDE_IN_FRAMEWORK_HEADER = YES;
				CLANG_WARN_RANGE_LOOP_ANALYSIS = YES;
				CLANG_WARN_STRICT_PROTOTYPES = YES;
				CLANG_WARN_SUSPICIOUS_MOVE = YES;
				CLANG_WARN_UNGUARDED_AVAILABILITY = YES_AGGRESSIVE;
				CLANG_WARN_UNREACHABLE_CODE = YES;
				CLANG_WARN__DUPLICATE_METHOD_MATCH = YES;
				COPY_PHASE_STRIP = NO;
				DEBUG_INFORMATION_FORMAT = dwarf;
				ENABLE_STRICT_OBJC_MSGSEND = YES;
				ENABLE_TESTABILITY = YES;
				GCC_C_LANGUAGE_STANDARD = gnu11;
				GCC_DYNAMIC_NO_PIC = NO;
				GCC_NO_COMMON_BLOCKS = YES;
				GCC_OPTIMIZATION_LEVEL = 0;
				GCC_PREPROCESSOR_DEFINITIONS = (
					"DEBUG=1",
					"$(inherited)",
				);
				GCC_WARN_64_TO_32_BIT_CONVERSION = YES;
				GCC_WARN_ABOUT_RETURN_TYPE = YES_ERROR;
				GCC_WARN_UNDECLARED_SELECTOR = YES;
				GCC_WARN_UNINITIALIZED_AUTOS = YES_AGGRESSIVE;
				GCC_WARN_UNUSED_FUNCTION = YES;
				GCC_WARN_UNUSED_VARIABLE = YES;
				IPHONEOS_DEPLOYMENT_TARGET = 15.5;
				MTL_ENABLE_DEBUG_INFO = INCLUDE_SOURCE;
				MTL_FAST_MATH = YES;
				ONLY_ACTIVE_ARCH = YES;
				SDKROOT = iphoneos;
				SWIFT_ACTIVE_COMPILATION_CONDITIONS = DEBUG;
				SWIFT_OPTIMIZATION_LEVEL = "-Onone";
			};
			name = Debug;
		};
		CCC0A9C928E2A9C5004E3A9B /* Release */ = {
			isa = XCBuildConfiguration;
			buildSettings = {
				ALWAYS_SEARCH_USER_PATHS = NO;
				CLANG_ANALYZER_NONNULL = YES;
				CLANG_ANALYZER_NUMBER_OBJECT_CONVERSION = YES_AGGRESSIVE;
				CLANG_CXX_LANGUAGE_STANDARD = "gnu++17";
				CLANG_ENABLE_MODULES = YES;
				CLANG_ENABLE_OBJC_ARC = YES;
				CLANG_ENABLE_OBJC_WEAK = YES;
				CLANG_WARN_BLOCK_CAPTURE_AUTORELEASING = YES;
				CLANG_WARN_BOOL_CONVERSION = YES;
				CLANG_WARN_COMMA = YES;
				CLANG_WARN_CONSTANT_CONVERSION = YES;
				CLANG_WARN_DEPRECATED_OBJC_IMPLEMENTATIONS = YES;
				CLANG_WARN_DIRECT_OBJC_ISA_USAGE = YES_ERROR;
				CLANG_WARN_DOCUMENTATION_COMMENTS = YES;
				CLANG_WARN_EMPTY_BODY = YES;
				CLANG_WARN_ENUM_CONVERSION = YES;
				CLANG_WARN_INFINITE_RECURSION = YES;
				CLANG_WARN_INT_CONVERSION = YES;
				CLANG_WARN_NON_LITERAL_NULL_CONVERSION = YES;
				CLANG_WARN_OBJC_IMPLICIT_RETAIN_SELF = YES;
				CLANG_WARN_OBJC_LITERAL_CONVERSION = YES;
				CLANG_WARN_OBJC_ROOT_CLASS = YES_ERROR;
				CLANG_WARN_QUOTED_INCLUDE_IN_FRAMEWORK_HEADER = YES;
				CLANG_WARN_RANGE_LOOP_ANALYSIS = YES;
				CLANG_WARN_STRICT_PROTOTYPES = YES;
				CLANG_WARN_SUSPICIOUS_MOVE = YES;
				CLANG_WARN_UNGUARDED_AVAILABILITY = YES_AGGRESSIVE;
				CLANG_WARN_UNREACHABLE_CODE = YES;
				CLANG_WARN__DUPLICATE_METHOD_MATCH = YES;
				COPY_PHASE_STRIP = NO;
				DEBUG_INFORMATION_FORMAT = "dwarf-with-dsym";
				ENABLE_NS_ASSERTIONS = NO;
				ENABLE_STRICT_OBJC_MSGSEND = YES;
				GCC_C_LANGUAGE_STANDARD = gnu11;
				GCC_NO_COMMON_BLOCKS = YES;
				GCC_WARN_64_TO_32_BIT_CONVERSION = YES;
				GCC_WARN_ABOUT_RETURN_TYPE = YES_ERROR;
				GCC_WARN_UNDECLARED_SELECTOR = YES;
				GCC_WARN_UNINITIALIZED_AUTOS = YES_AGGRESSIVE;
				GCC_WARN_UNUSED_FUNCTION = YES;
				GCC_WARN_UNUSED_VARIABLE = YES;
				IPHONEOS_DEPLOYMENT_TARGET = 15.5;
				MTL_ENABLE_DEBUG_INFO = NO;
				MTL_FAST_MATH = YES;
				SDKROOT = iphoneos;
				SWIFT_COMPILATION_MODE = wholemodule;
				SWIFT_OPTIMIZATION_LEVEL = "-O";
				VALIDATE_PRODUCT = YES;
			};
			name = Release;
		};
		CCC0A9CB28E2A9C5004E3A9B /* Debug */ = {
			isa = XCBuildConfiguration;
			buildSettings = {
				ASSETCATALOG_COMPILER_APPICON_NAME = AppIcon;
				ASSETCATALOG_COMPILER_GLOBAL_ACCENT_COLOR_NAME = AccentColor;
				CODE_SIGN_STYLE = Automatic;
				CURRENT_PROJECT_VERSION = 1;
				GENERATE_INFOPLIST_FILE = YES;
				INFOPLIST_FILE = NetFlix/Info.plist;
				INFOPLIST_KEY_UIApplicationSupportsIndirectInputEvents = YES;
				INFOPLIST_KEY_UILaunchStoryboardName = LaunchScreen;
				INFOPLIST_KEY_UIMainStoryboardFile = Main;
				INFOPLIST_KEY_UISupportedInterfaceOrientations_iPad = "UIInterfaceOrientationPortrait UIInterfaceOrientationPortraitUpsideDown UIInterfaceOrientationLandscapeLeft UIInterfaceOrientationLandscapeRight";
				INFOPLIST_KEY_UISupportedInterfaceOrientations_iPhone = "UIInterfaceOrientationPortrait UIInterfaceOrientationLandscapeLeft UIInterfaceOrientationLandscapeRight";
				LD_RUNPATH_SEARCH_PATHS = (
					"$(inherited)",
					"@executable_path/Frameworks",
				);
				MARKETING_VERSION = 1.0;
				PRODUCT_BUNDLE_IDENTIFIER = "TUAN-ANH.NetFlix";
				PRODUCT_NAME = "$(TARGET_NAME)";
				SWIFT_EMIT_LOC_STRINGS = YES;
				SWIFT_VERSION = 5.0;
				TARGETED_DEVICE_FAMILY = "1,2";
			};
			name = Debug;
		};
		CCC0A9CC28E2A9C5004E3A9B /* Release */ = {
			isa = XCBuildConfiguration;
			buildSettings = {
				ASSETCATALOG_COMPILER_APPICON_NAME = AppIcon;
				ASSETCATALOG_COMPILER_GLOBAL_ACCENT_COLOR_NAME = AccentColor;
				CODE_SIGN_STYLE = Automatic;
				CURRENT_PROJECT_VERSION = 1;
				GENERATE_INFOPLIST_FILE = YES;
				INFOPLIST_FILE = NetFlix/Info.plist;
				INFOPLIST_KEY_UIApplicationSupportsIndirectInputEvents = YES;
				INFOPLIST_KEY_UILaunchStoryboardName = LaunchScreen;
				INFOPLIST_KEY_UIMainStoryboardFile = Main;
				INFOPLIST_KEY_UISupportedInterfaceOrientations_iPad = "UIInterfaceOrientationPortrait UIInterfaceOrientationPortraitUpsideDown UIInterfaceOrientationLandscapeLeft UIInterfaceOrientationLandscapeRight";
				INFOPLIST_KEY_UISupportedInterfaceOrientations_iPhone = "UIInterfaceOrientationPortrait UIInterfaceOrientationLandscapeLeft UIInterfaceOrientationLandscapeRight";
				LD_RUNPATH_SEARCH_PATHS = (
					"$(inherited)",
					"@executable_path/Frameworks",
				);
				MARKETING_VERSION = 1.0;
				PRODUCT_BUNDLE_IDENTIFIER = "TUAN-ANH.NetFlix";
				PRODUCT_NAME = "$(TARGET_NAME)";
				SWIFT_EMIT_LOC_STRINGS = YES;
				SWIFT_VERSION = 5.0;
				TARGETED_DEVICE_FAMILY = "1,2";
			};
			name = Release;
		};
/* End XCBuildConfiguration section */

/* Begin XCConfigurationList section */
		CCC0A9B128E2A9C4004E3A9B /* Build configuration list for PBXProject "NetFlix" */ = {
			isa = XCConfigurationList;
			buildConfigurations = (
				CCC0A9C828E2A9C5004E3A9B /* Debug */,
				CCC0A9C928E2A9C5004E3A9B /* Release */,
			);
			defaultConfigurationIsVisible = 0;
			defaultConfigurationName = Release;
		};
		CCC0A9CA28E2A9C5004E3A9B /* Build configuration list for PBXNativeTarget "NetFlix" */ = {
			isa = XCConfigurationList;
			buildConfigurations = (
				CCC0A9CB28E2A9C5004E3A9B /* Debug */,
				CCC0A9CC28E2A9C5004E3A9B /* Release */,
			);
			defaultConfigurationIsVisible = 0;
			defaultConfigurationName = Release;
		};
/* End XCConfigurationList section */
	};
	rootObject = CCC0A9AE28E2A9C4004E3A9B /* Project object */;
}
