// !$*UTF8*$!
{
	archiveVersion = 1;
	classes = {
	};
	objectVersion = 55;
	objects = {

/* Begin PBXBuildFile section */
		6407F1C5CF422BAE782930D4 /* Pods_AutoLayoutWithNsConstraint.framework in Frameworks */ = {isa = PBXBuildFile; fileRef = EBCA8A2F4C002880857DC97C /* Pods_AutoLayoutWithNsConstraint.framework */; };
		CCA568D928D1F6DB0079AFF1 /* AppDelegate.swift in Sources */ = {isa = PBXBuildFile; fileRef = CCA568D828D1F6DB0079AFF1 /* AppDelegate.swift */; };
		CCA568DB28D1F6DB0079AFF1 /* SceneDelegate.swift in Sources */ = {isa = PBXBuildFile; fileRef = CCA568DA28D1F6DB0079AFF1 /* SceneDelegate.swift */; };
		CCA568DD28D1F6DB0079AFF1 /* ViewController.swift in Sources */ = {isa = PBXBuildFile; fileRef = CCA568DC28D1F6DB0079AFF1 /* ViewController.swift */; };
		CCA568E028D1F6DB0079AFF1 /* Main.storyboard in Resources */ = {isa = PBXBuildFile; fileRef = CCA568DE28D1F6DB0079AFF1 /* Main.storyboard */; };
		CCA568E228D1F6DC0079AFF1 /* Assets.xcassets in Resources */ = {isa = PBXBuildFile; fileRef = CCA568E128D1F6DC0079AFF1 /* Assets.xcassets */; };
		CCA568E528D1F6DC0079AFF1 /* LaunchScreen.storyboard in Resources */ = {isa = PBXBuildFile; fileRef = CCA568E328D1F6DC0079AFF1 /* LaunchScreen.storyboard */; };
		CCA568ED28D215410079AFF1 /* LoginViewController.swift in Sources */ = {isa = PBXBuildFile; fileRef = CCA568EC28D215410079AFF1 /* LoginViewController.swift */; };
/* End PBXBuildFile section */

/* Begin PBXFileReference section */
		31EDD2A936A6740E30396092 /* Pods-AutoLayoutWithNsConstraint.release.xcconfig */ = {isa = PBXFileReference; includeInIndex = 1; lastKnownFileType = text.xcconfig; name = "Pods-AutoLayoutWithNsConstraint.release.xcconfig"; path = "Target Support Files/Pods-AutoLayoutWithNsConstraint/Pods-AutoLayoutWithNsConstraint.release.xcconfig"; sourceTree = "<group>"; };
		674BC6AAFA101E6809FA345F /* Pods-AutoLayoutWithNsConstraint.debug.xcconfig */ = {isa = PBXFileReference; includeInIndex = 1; lastKnownFileType = text.xcconfig; name = "Pods-AutoLayoutWithNsConstraint.debug.xcconfig"; path = "Target Support Files/Pods-AutoLayoutWithNsConstraint/Pods-AutoLayoutWithNsConstraint.debug.xcconfig"; sourceTree = "<group>"; };
		CCA568D528D1F6DB0079AFF1 /* AutoLayoutWithNsConstraint.app */ = {isa = PBXFileReference; explicitFileType = wrapper.application; includeInIndex = 0; path = AutoLayoutWithNsConstraint.app; sourceTree = BUILT_PRODUCTS_DIR; };
		CCA568D828D1F6DB0079AFF1 /* AppDelegate.swift */ = {isa = PBXFileReference; lastKnownFileType = sourcecode.swift; path = AppDelegate.swift; sourceTree = "<group>"; };
		CCA568DA28D1F6DB0079AFF1 /* SceneDelegate.swift */ = {isa = PBXFileReference; lastKnownFileType = sourcecode.swift; path = SceneDelegate.swift; sourceTree = "<group>"; };
		CCA568DC28D1F6DB0079AFF1 /* ViewController.swift */ = {isa = PBXFileReference; lastKnownFileType = sourcecode.swift; path = ViewController.swift; sourceTree = "<group>"; };
		CCA568DF28D1F6DB0079AFF1 /* Base */ = {isa = PBXFileReference; lastKnownFileType = file.storyboard; name = Base; path = Base.lproj/Main.storyboard; sourceTree = "<group>"; };
		CCA568E128D1F6DC0079AFF1 /* Assets.xcassets */ = {isa = PBXFileReference; lastKnownFileType = folder.assetcatalog; path = Assets.xcassets; sourceTree = "<group>"; };
		CCA568E428D1F6DC0079AFF1 /* Base */ = {isa = PBXFileReference; lastKnownFileType = file.storyboard; name = Base; path = Base.lproj/LaunchScreen.storyboard; sourceTree = "<group>"; };
		CCA568E628D1F6DC0079AFF1 /* Info.plist */ = {isa = PBXFileReference; lastKnownFileType = text.plist.xml; path = Info.plist; sourceTree = "<group>"; };
		CCA568EC28D215410079AFF1 /* LoginViewController.swift */ = {isa = PBXFileReference; lastKnownFileType = sourcecode.swift; path = LoginViewController.swift; sourceTree = "<group>"; };
		EBCA8A2F4C002880857DC97C /* Pods_AutoLayoutWithNsConstraint.framework */ = {isa = PBXFileReference; explicitFileType = wrapper.framework; includeInIndex = 0; path = Pods_AutoLayoutWithNsConstraint.framework; sourceTree = BUILT_PRODUCTS_DIR; };
/* End PBXFileReference section */

/* Begin PBXFrameworksBuildPhase section */
		CCA568D228D1F6DB0079AFF1 /* Frameworks */ = {
			isa = PBXFrameworksBuildPhase;
			buildActionMask = 2147483647;
			files = (
				6407F1C5CF422BAE782930D4 /* Pods_AutoLayoutWithNsConstraint.framework in Frameworks */,
			);
			runOnlyForDeploymentPostprocessing = 0;
		};
/* End PBXFrameworksBuildPhase section */

/* Begin PBXGroup section */
		A1797F23FB1FEA6B5CE8F68A /* Pods */ = {
			isa = PBXGroup;
			children = (
				674BC6AAFA101E6809FA345F /* Pods-AutoLayoutWithNsConstraint.debug.xcconfig */,
				31EDD2A936A6740E30396092 /* Pods-AutoLayoutWithNsConstraint.release.xcconfig */,
			);
			path = Pods;
			sourceTree = "<group>";
		};
		A635DD9415F12CDCB8FF001A /* Frameworks */ = {
			isa = PBXGroup;
			children = (
				EBCA8A2F4C002880857DC97C /* Pods_AutoLayoutWithNsConstraint.framework */,
			);
			name = Frameworks;
			sourceTree = "<group>";
		};
		CCA568CC28D1F6DB0079AFF1 = {
			isa = PBXGroup;
			children = (
				CCA568D728D1F6DB0079AFF1 /* AutoLayoutWithNsConstraint */,
				CCA568D628D1F6DB0079AFF1 /* Products */,
				A1797F23FB1FEA6B5CE8F68A /* Pods */,
				A635DD9415F12CDCB8FF001A /* Frameworks */,
			);
			sourceTree = "<group>";
		};
		CCA568D628D1F6DB0079AFF1 /* Products */ = {
			isa = PBXGroup;
			children = (
				CCA568D528D1F6DB0079AFF1 /* AutoLayoutWithNsConstraint.app */,
			);
			name = Products;
			sourceTree = "<group>";
		};
		CCA568D728D1F6DB0079AFF1 /* AutoLayoutWithNsConstraint */ = {
			isa = PBXGroup;
			children = (
				CCA568D828D1F6DB0079AFF1 /* AppDelegate.swift */,
				CCA568DA28D1F6DB0079AFF1 /* SceneDelegate.swift */,
				CCA568DC28D1F6DB0079AFF1 /* ViewController.swift */,
				CCA568EC28D215410079AFF1 /* LoginViewController.swift */,
				CCA568DE28D1F6DB0079AFF1 /* Main.storyboard */,
				CCA568E128D1F6DC0079AFF1 /* Assets.xcassets */,
				CCA568E328D1F6DC0079AFF1 /* LaunchScreen.storyboard */,
				CCA568E628D1F6DC0079AFF1 /* Info.plist */,
			);
			path = AutoLayoutWithNsConstraint;
			sourceTree = "<group>";
		};
/* End PBXGroup section */

/* Begin PBXNativeTarget section */
		CCA568D428D1F6DB0079AFF1 /* AutoLayoutWithNsConstraint */ = {
			isa = PBXNativeTarget;
			buildConfigurationList = CCA568E928D1F6DC0079AFF1 /* Build configuration list for PBXNativeTarget "AutoLayoutWithNsConstraint" */;
			buildPhases = (
				D6E87B27AF2B5E41316E3705 /* [CP] Check Pods Manifest.lock */,
				CCA568D128D1F6DB0079AFF1 /* Sources */,
				CCA568D228D1F6DB0079AFF1 /* Frameworks */,
				CCA568D328D1F6DB0079AFF1 /* Resources */,
				4AC5DACB69FA2E8D21D54C9C /* [CP] Embed Pods Frameworks */,
			);
			buildRules = (
			);
			dependencies = (
			);
			name = AutoLayoutWithNsConstraint;
			productName = AutoLayoutWithNsConstraint;
			productReference = CCA568D528D1F6DB0079AFF1 /* AutoLayoutWithNsConstraint.app */;
			productType = "com.apple.product-type.application";
		};
/* End PBXNativeTarget section */

/* Begin PBXProject section */
		CCA568CD28D1F6DB0079AFF1 /* Project object */ = {
			isa = PBXProject;
			attributes = {
				BuildIndependentTargetsInParallel = 1;
				LastSwiftUpdateCheck = 1340;
				LastUpgradeCheck = 1340;
				TargetAttributes = {
					CCA568D428D1F6DB0079AFF1 = {
						CreatedOnToolsVersion = 13.4.1;
					};
				};
			};
			buildConfigurationList = CCA568D028D1F6DB0079AFF1 /* Build configuration list for PBXProject "AutoLayoutWithNsConstraint" */;
			compatibilityVersion = "Xcode 13.0";
			developmentRegion = en;
			hasScannedForEncodings = 0;
			knownRegions = (
				en,
				Base,
			);
			mainGroup = CCA568CC28D1F6DB0079AFF1;
			productRefGroup = CCA568D628D1F6DB0079AFF1 /* Products */;
			projectDirPath = "";
			projectRoot = "";
			targets = (
				CCA568D428D1F6DB0079AFF1 /* AutoLayoutWithNsConstraint */,
			);
		};
/* End PBXProject section */

/* Begin PBXResourcesBuildPhase section */
		CCA568D328D1F6DB0079AFF1 /* Resources */ = {
			isa = PBXResourcesBuildPhase;
			buildActionMask = 2147483647;
			files = (
				CCA568E528D1F6DC0079AFF1 /* LaunchScreen.storyboard in Resources */,
				CCA568E228D1F6DC0079AFF1 /* Assets.xcassets in Resources */,
				CCA568E028D1F6DB0079AFF1 /* Main.storyboard in Resources */,
			);
			runOnlyForDeploymentPostprocessing = 0;
		};
/* End PBXResourcesBuildPhase section */

/* Begin PBXShellScriptBuildPhase section */
		4AC5DACB69FA2E8D21D54C9C /* [CP] Embed Pods Frameworks */ = {
			isa = PBXShellScriptBuildPhase;
			buildActionMask = 2147483647;
			files = (
			);
			inputFileListPaths = (
				"${PODS_ROOT}/Target Support Files/Pods-AutoLayoutWithNsConstraint/Pods-AutoLayoutWithNsConstraint-frameworks-${CONFIGURATION}-input-files.xcfilelist",
			);
			name = "[CP] Embed Pods Frameworks";
			outputFileListPaths = (
				"${PODS_ROOT}/Target Support Files/Pods-AutoLayoutWithNsConstraint/Pods-AutoLayoutWithNsConstraint-frameworks-${CONFIGURATION}-output-files.xcfilelist",
			);
			runOnlyForDeploymentPostprocessing = 0;
			shellPath = /bin/sh;
			shellScript = "\"${PODS_ROOT}/Target Support Files/Pods-AutoLayoutWithNsConstraint/Pods-AutoLayoutWithNsConstraint-frameworks.sh\"\n";
			showEnvVarsInLog = 0;
		};
		D6E87B27AF2B5E41316E3705 /* [CP] Check Pods Manifest.lock */ = {
			isa = PBXShellScriptBuildPhase;
			buildActionMask = 2147483647;
			files = (
			);
			inputFileListPaths = (
			);
			inputPaths = (
				"${PODS_PODFILE_DIR_PATH}/Podfile.lock",
				"${PODS_ROOT}/Manifest.lock",
			);
			name = "[CP] Check Pods Manifest.lock";
			outputFileListPaths = (
			);
			outputPaths = (
				"$(DERIVED_FILE_DIR)/Pods-AutoLayoutWithNsConstraint-checkManifestLockResult.txt",
			);
			runOnlyForDeploymentPostprocessing = 0;
			shellPath = /bin/sh;
			shellScript = "diff \"${PODS_PODFILE_DIR_PATH}/Podfile.lock\" \"${PODS_ROOT}/Manifest.lock\" > /dev/null\nif [ $? != 0 ] ; then\n    # print error to STDERR\n    echo \"error: The sandbox is not in sync with the Podfile.lock. Run 'pod install' or update your CocoaPods installation.\" >&2\n    exit 1\nfi\n# This output is used by Xcode 'outputs' to avoid re-running this script phase.\necho \"SUCCESS\" > \"${SCRIPT_OUTPUT_FILE_0}\"\n";
			showEnvVarsInLog = 0;
		};
/* End PBXShellScriptBuildPhase section */

/* Begin PBXSourcesBuildPhase section */
		CCA568D128D1F6DB0079AFF1 /* Sources */ = {
			isa = PBXSourcesBuildPhase;
			buildActionMask = 2147483647;
			files = (
				CCA568ED28D215410079AFF1 /* LoginViewController.swift in Sources */,
				CCA568DD28D1F6DB0079AFF1 /* ViewController.swift in Sources */,
				CCA568D928D1F6DB0079AFF1 /* AppDelegate.swift in Sources */,
				CCA568DB28D1F6DB0079AFF1 /* SceneDelegate.swift in Sources */,
			);
			runOnlyForDeploymentPostprocessing = 0;
		};
/* End PBXSourcesBuildPhase section */

/* Begin PBXVariantGroup section */
		CCA568DE28D1F6DB0079AFF1 /* Main.storyboard */ = {
			isa = PBXVariantGroup;
			children = (
				CCA568DF28D1F6DB0079AFF1 /* Base */,
			);
			name = Main.storyboard;
			sourceTree = "<group>";
		};
		CCA568E328D1F6DC0079AFF1 /* LaunchScreen.storyboard */ = {
			isa = PBXVariantGroup;
			children = (
				CCA568E428D1F6DC0079AFF1 /* Base */,
			);
			name = LaunchScreen.storyboard;
			sourceTree = "<group>";
		};
/* End PBXVariantGroup section */

/* Begin XCBuildConfiguration section */
		CCA568E728D1F6DC0079AFF1 /* Debug */ = {
			isa = XCBuildConfiguration;
			buildSettings = {
				ALWAYS_SEARCH_USER_PATHS = NO;
				CLANG_ANALYZER_NONNULL = YES;
				CLANG_ANALYZER_NUMBER_OBJECT_CONVERSION = YES_AGGRESSIVE;
				CLANG_CXX_LANGUAGE_STANDARD = "gnu++17";
				CLANG_ENABLE_MODULES = YES;
				CLANG_ENABLE_OBJC_ARC = YES;
				CLANG_ENABLE_OBJC_WEAK = YES;
				CLANG_WARN_BLOCK_CAPTURE_AUTORELEASING = YES;
				CLANG_WARN_BOOL_CONVERSION = YES;
				CLANG_WARN_COMMA = YES;
				CLANG_WARN_CONSTANT_CONVERSION = YES;
				CLANG_WARN_DEPRECATED_OBJC_IMPLEMENTATIONS = YES;
				CLANG_WARN_DIRECT_OBJC_ISA_USAGE = YES_ERROR;
				CLANG_WARN_DOCUMENTATION_COMMENTS = YES;
				CLANG_WARN_EMPTY_BODY = YES;
				CLANG_WARN_ENUM_CONVERSION = YES;
				CLANG_WARN_INFINITE_RECURSION = YES;
				CLANG_WARN_INT_CONVERSION = YES;
				CLANG_WARN_NON_LITERAL_NULL_CONVERSION = YES;
				CLANG_WARN_OBJC_IMPLICIT_RETAIN_SELF = YES;
				CLANG_WARN_OBJC_LITERAL_CONVERSION = YES;
				CLANG_WARN_OBJC_ROOT_CLASS = YES_ERROR;
				CLANG_WARN_QUOTED_INCLUDE_IN_FRAMEWORK_HEADER = YES;
				CLANG_WARN_RANGE_LOOP_ANALYSIS = YES;
				CLANG_WARN_STRICT_PROTOTYPES = YES;
				CLANG_WARN_SUSPICIOUS_MOVE = YES;
				CLANG_WARN_UNGUARDED_AVAILABILITY = YES_AGGRESSIVE;
				CLANG_WARN_UNREACHABLE_CODE = YES;
				CLANG_WARN__DUPLICATE_METHOD_MATCH = YES;
				COPY_PHASE_STRIP = NO;
				DEBUG_INFORMATION_FORMAT = dwarf;
				ENABLE_STRICT_OBJC_MSGSEND = YES;
				ENABLE_TESTABILITY = YES;
				GCC_C_LANGUAGE_STANDARD = gnu11;
				GCC_DYNAMIC_NO_PIC = NO;
				GCC_NO_COMMON_BLOCKS = YES;
				GCC_OPTIMIZATION_LEVEL = 0;
				GCC_PREPROCESSOR_DEFINITIONS = (
					"DEBUG=1",
					"$(inherited)",
				);
				GCC_WARN_64_TO_32_BIT_CONVERSION = YES;
				GCC_WARN_ABOUT_RETURN_TYPE = YES_ERROR;
				GCC_WARN_UNDECLARED_SELECTOR = YES;
				GCC_WARN_UNINITIALIZED_AUTOS = YES_AGGRESSIVE;
				GCC_WARN_UNUSED_FUNCTION = YES;
				GCC_WARN_UNUSED_VARIABLE = YES;
				IPHONEOS_DEPLOYMENT_TARGET = 15.5;
				MTL_ENABLE_DEBUG_INFO = INCLUDE_SOURCE;
				MTL_FAST_MATH = YES;
				ONLY_ACTIVE_ARCH = YES;
				SDKROOT = iphoneos;
				SWIFT_ACTIVE_COMPILATION_CONDITIONS = DEBUG;
				SWIFT_OPTIMIZATION_LEVEL = "-Onone";
			};
			name = Debug;
		};
		CCA568E828D1F6DC0079AFF1 /* Release */ = {
			isa = XCBuildConfiguration;
			buildSettings = {
				ALWAYS_SEARCH_USER_PATHS = NO;
				CLANG_ANALYZER_NONNULL = YES;
				CLANG_ANALYZER_NUMBER_OBJECT_CONVERSION = YES_AGGRESSIVE;
				CLANG_CXX_LANGUAGE_STANDARD = "gnu++17";
				CLANG_ENABLE_MODULES = YES;
				CLANG_ENABLE_OBJC_ARC = YES;
				CLANG_ENABLE_OBJC_WEAK = YES;
				CLANG_WARN_BLOCK_CAPTURE_AUTORELEASING = YES;
				CLANG_WARN_BOOL_CONVERSION = YES;
				CLANG_WARN_COMMA = YES;
				CLANG_WARN_CONSTANT_CONVERSION = YES;
				CLANG_WARN_DEPRECATED_OBJC_IMPLEMENTATIONS = YES;
				CLANG_WARN_DIRECT_OBJC_ISA_USAGE = YES_ERROR;
				CLANG_WARN_DOCUMENTATION_COMMENTS = YES;
				CLANG_WARN_EMPTY_BODY = YES;
				CLANG_WARN_ENUM_CONVERSION = YES;
				CLANG_WARN_INFINITE_RECURSION = YES;
				CLANG_WARN_INT_CONVERSION = YES;
				CLANG_WARN_NON_LITERAL_NULL_CONVERSION = YES;
				CLANG_WARN_OBJC_IMPLICIT_RETAIN_SELF = YES;
				CLANG_WARN_OBJC_LITERAL_CONVERSION = YES;
				CLANG_WARN_OBJC_ROOT_CLASS = YES_ERROR;
				CLANG_WARN_QUOTED_INCLUDE_IN_FRAMEWORK_HEADER = YES;
				CLANG_WARN_RANGE_LOOP_ANALYSIS = YES;
				CLANG_WARN_STRICT_PROTOTYPES = YES;
				CLANG_WARN_SUSPICIOUS_MOVE = YES;
				CLANG_WARN_UNGUARDED_AVAILABILITY = YES_AGGRESSIVE;
				CLANG_WARN_UNREACHABLE_CODE = YES;
				CLANG_WARN__DUPLICATE_METHOD_MATCH = YES;
				COPY_PHASE_STRIP = NO;
				DEBUG_INFORMATION_FORMAT = "dwarf-with-dsym";
				ENABLE_NS_ASSERTIONS = NO;
				ENABLE_STRICT_OBJC_MSGSEND = YES;
				GCC_C_LANGUAGE_STANDARD = gnu11;
				GCC_NO_COMMON_BLOCKS = YES;
				GCC_WARN_64_TO_32_BIT_CONVERSION = YES;
				GCC_WARN_ABOUT_RETURN_TYPE = YES_ERROR;
				GCC_WARN_UNDECLARED_SELECTOR = YES;
				GCC_WARN_UNINITIALIZED_AUTOS = YES_AGGRESSIVE;
				GCC_WARN_UNUSED_FUNCTION = YES;
				GCC_WARN_UNUSED_VARIABLE = YES;
				IPHONEOS_DEPLOYMENT_TARGET = 15.5;
				MTL_ENABLE_DEBUG_INFO = NO;
				MTL_FAST_MATH = YES;
				SDKROOT = iphoneos;
				SWIFT_COMPILATION_MODE = wholemodule;
				SWIFT_OPTIMIZATION_LEVEL = "-O";
				VALIDATE_PRODUCT = YES;
			};
			name = Release;
		};
		CCA568EA28D1F6DC0079AFF1 /* Debug */ = {
			isa = XCBuildConfiguration;
			baseConfigurationReference = 674BC6AAFA101E6809FA345F /* Pods-AutoLayoutWithNsConstraint.debug.xcconfig */;
			buildSettings = {
				ASSETCATALOG_COMPILER_APPICON_NAME = AppIcon;
				ASSETCATALOG_COMPILER_GLOBAL_ACCENT_COLOR_NAME = AccentColor;
				CODE_SIGN_STYLE = Automatic;
				CURRENT_PROJECT_VERSION = 1;
				GENERATE_INFOPLIST_FILE = YES;
				INFOPLIST_FILE = AutoLayoutWithNsConstraint/Info.plist;
				INFOPLIST_KEY_UIApplicationSupportsIndirectInputEvents = YES;
				INFOPLIST_KEY_UILaunchStoryboardName = LaunchScreen;
				INFOPLIST_KEY_UIMainStoryboardFile = Main;
				INFOPLIST_KEY_UISupportedInterfaceOrientations_iPad = "UIInterfaceOrientationPortrait UIInterfaceOrientationPortraitUpsideDown UIInterfaceOrientationLandscapeLeft UIInterfaceOrientationLandscapeRight";
				INFOPLIST_KEY_UISupportedInterfaceOrientations_iPhone = "UIInterfaceOrientationPortrait UIInterfaceOrientationLandscapeLeft UIInterfaceOrientationLandscapeRight";
				LD_RUNPATH_SEARCH_PATHS = (
					"$(inherited)",
					"@executable_path/Frameworks",
				);
				MARKETING_VERSION = 1.0;
				PRODUCT_BUNDLE_IDENTIFIER = "TUAN-ANH.AutoLayoutWithNsConstraint";
				PRODUCT_NAME = "$(TARGET_NAME)";
				SWIFT_EMIT_LOC_STRINGS = YES;
				SWIFT_VERSION = 5.0;
				TARGETED_DEVICE_FAMILY = "1,2";
			};
			name = Debug;
		};
		CCA568EB28D1F6DC0079AFF1 /* Release */ = {
			isa = XCBuildConfiguration;
			baseConfigurationReference = 31EDD2A936A6740E30396092 /* Pods-AutoLayoutWithNsConstraint.release.xcconfig */;
			buildSettings = {
				ASSETCATALOG_COMPILER_APPICON_NAME = AppIcon;
				ASSETCATALOG_COMPILER_GLOBAL_ACCENT_COLOR_NAME = AccentColor;
				CODE_SIGN_STYLE = Automatic;
				CURRENT_PROJECT_VERSION = 1;
				GENERATE_INFOPLIST_FILE = YES;
				INFOPLIST_FILE = AutoLayoutWithNsConstraint/Info.plist;
				INFOPLIST_KEY_UIApplicationSupportsIndirectInputEvents = YES;
				INFOPLIST_KEY_UILaunchStoryboardName = LaunchScreen;
				INFOPLIST_KEY_UIMainStoryboardFile = Main;
				INFOPLIST_KEY_UISupportedInterfaceOrientations_iPad = "UIInterfaceOrientationPortrait UIInterfaceOrientationPortraitUpsideDown UIInterfaceOrientationLandscapeLeft UIInterfaceOrientationLandscapeRight";
				INFOPLIST_KEY_UISupportedInterfaceOrientations_iPhone = "UIInterfaceOrientationPortrait UIInterfaceOrientationLandscapeLeft UIInterfaceOrientationLandscapeRight";
				LD_RUNPATH_SEARCH_PATHS = (
					"$(inherited)",
					"@executable_path/Frameworks",
				);
				MARKETING_VERSION = 1.0;
				PRODUCT_BUNDLE_IDENTIFIER = "TUAN-ANH.AutoLayoutWithNsConstraint";
				PRODUCT_NAME = "$(TARGET_NAME)";
				SWIFT_EMIT_LOC_STRINGS = YES;
				SWIFT_VERSION = 5.0;
				TARGETED_DEVICE_FAMILY = "1,2";
			};
			name = Release;
		};
/* End XCBuildConfiguration section */

/* Begin XCConfigurationList section */
		CCA568D028D1F6DB0079AFF1 /* Build configuration list for PBXProject "AutoLayoutWithNsConstraint" */ = {
			isa = XCConfigurationList;
			buildConfigurations = (
				CCA568E728D1F6DC0079AFF1 /* Debug */,
				CCA568E828D1F6DC0079AFF1 /* Release */,
			);
			defaultConfigurationIsVisible = 0;
			defaultConfigurationName = Release;
		};
		CCA568E928D1F6DC0079AFF1 /* Build configuration list for PBXNativeTarget "AutoLayoutWithNsConstraint" */ = {
			isa = XCConfigurationList;
			buildConfigurations = (
				CCA568EA28D1F6DC0079AFF1 /* Debug */,
				CCA568EB28D1F6DC0079AFF1 /* Release */,
			);
			defaultConfigurationIsVisible = 0;
			defaultConfigurationName = Release;
		};
/* End XCConfigurationList section */
	};
	rootObject = CCA568CD28D1F6DB0079AFF1 /* Project object */;
}
